
Microsoft Visual Studio Solution File, Format Version 12.00
# Visual Studio Version 17
VisualStudioVersion = 17.5.002.0
MinimumVisualStudioVersion = 10.0.40219.1
Project("{9A19103F-16F7-4668-BE54-9A1E7A4F7556}") = "Tester", "Tester.csproj", "{AD6FBA97-5F23-4B1C-A894-A26C1C2DD0DA}"
EndProject
Global
	GlobalSection(SolutionConfigurationPlatforms) = preSolution
		Debug|Any CPU = Debug|Any CPU
		Release|Any CPU = Release|Any CPU
	EndGlobalSection
	GlobalSection(ProjectConfigurationPlatforms) = postSolution
		{AD6FBA97-5F23-4B1C-A894-A26C1C2DD0DA}.Debug|Any CPU.ActiveCfg = Debug|Any CPU
		{AD6FBA97-5F23-4B1C-A894-A26C1C2DD0DA}.Debug|Any CPU.Build.0 = Debug|Any CPU
		{AD6FBA97-5F23-4B1C-A894-A26C1C2DD0DA}.Release|Any CPU.ActiveCfg = Release|Any CPU
		{AD6FBA97-5F23-4B1C-A894-A26C1C2DD0DA}.Release|Any CPU.Build.0 = Release|Any CPU
	EndGlobalSection
	GlobalSection(SolutionProperties) = preSolution
		HideSolutionNode = FALSE
	EndGlobalSection
	GlobalSection(ExtensibilityGlobals) = postSolution
		SolutionGuid = {19593707-B939-495C-9053-81ACEF7A8522}
	EndGlobalSection
EndGlobal
